
Microsoft Visual Studio Solution File, Format Version 12.00
# Visual Studio 15
VisualStudioVersion = 15.0.27004.2009
MinimumVisualStudioVersion = 10.0.40219.1
Project("{2150E333-8FDC-42A3-9474-1A3956D46DE8}") = "Typography", "Typography", "{EDF760BE-F3FA-4361-AFFA-5CB70A3E9E55}"
EndProject
Project("{D954291E-2A0B-460D-934E-DC6B0785DB48}") = "Typography.OpenFont", "Typography.OpenFont\Typography.OpenFont.shproj", "{235A071B-8D06-40AE-A5C5-B1CE59715EE9}"
EndProject
Project("{2150E333-8FDC-42A3-9474-1A3956D46DE8}") = "Typography_Build", "Typography_Build", "{CCC8D030-3F27-4560-B290-B95F4022DDB8}"
EndProject
Project("{FAE04EC0-301F-11D3-BF4B-00C04F79EFBC}") = "Typography.OpenFont.NetCore", "Typography.OpenFont.NetCore\Typography.OpenFont.NetCore.csproj", "{E7EC1FBA-23AF-4D7F-B932-B3E1AC7A4A66}"
EndProject
Global
	GlobalSection(SharedMSBuildProjectFiles) = preSolution
		Typography.OpenFont\Typography.OpenFont.projitems*{235a071b-8d06-40ae-a5c5-b1ce59715ee9}*SharedItemsImports = 13
	EndGlobalSection
	GlobalSection(SolutionConfigurationPlatforms) = preSolution
		Debug|Any CPU = Debug|Any CPU
		Debug|iPhone = Debug|iPhone
		Debug|iPhoneSimulator = Debug|iPhoneSimulator
		Debug|x86 = Debug|x86
		Release|Any CPU = Release|Any CPU
		Release|iPhone = Release|iPhone
		Release|iPhoneSimulator = Release|iPhoneSimulator
		Release|x86 = Release|x86
		Release64|Any CPU = Release64|Any CPU
		Release64|iPhone = Release64|iPhone
		Release64|iPhoneSimulator = Release64|iPhoneSimulator
		Release64|x86 = Release64|x86
	EndGlobalSection
	GlobalSection(ProjectConfigurationPlatforms) = postSolution
		{E7EC1FBA-23AF-4D7F-B932-B3E1AC7A4A66}.Debug|Any CPU.ActiveCfg = Debug|Any CPU
		{E7EC1FBA-23AF-4D7F-B932-B3E1AC7A4A66}.Debug|Any CPU.Build.0 = Debug|Any CPU
		{E7EC1FBA-23AF-4D7F-B932-B3E1AC7A4A66}.Debug|iPhone.ActiveCfg = Debug|Any CPU
		{E7EC1FBA-23AF-4D7F-B932-B3E1AC7A4A66}.Debug|iPhone.Build.0 = Debug|Any CPU
		{E7EC1FBA-23AF-4D7F-B932-B3E1AC7A4A66}.Debug|iPhoneSimulator.ActiveCfg = Debug|Any CPU
		{E7EC1FBA-23AF-4D7F-B932-B3E1AC7A4A66}.Debug|iPhoneSimulator.Build.0 = Debug|Any CPU
		{E7EC1FBA-23AF-4D7F-B932-B3E1AC7A4A66}.Debug|x86.ActiveCfg = Debug|Any CPU
		{E7EC1FBA-23AF-4D7F-B932-B3E1AC7A4A66}.Debug|x86.Build.0 = Debug|Any CPU
		{E7EC1FBA-23AF-4D7F-B932-B3E1AC7A4A66}.Release|Any CPU.ActiveCfg = Release|Any CPU
		{E7EC1FBA-23AF-4D7F-B932-B3E1AC7A4A66}.Release|Any CPU.Build.0 = Release|Any CPU
		{E7EC1FBA-23AF-4D7F-B932-B3E1AC7A4A66}.Release|iPhone.ActiveCfg = Release|Any CPU
		{E7EC1FBA-23AF-4D7F-B932-B3E1AC7A4A66}.Release|iPhone.Build.0 = Release|Any CPU
		{E7EC1FBA-23AF-4D7F-B932-B3E1AC7A4A66}.Release|iPhoneSimulator.ActiveCfg = Release|Any CPU
		{E7EC1FBA-23AF-4D7F-B932-B3E1AC7A4A66}.Release|iPhoneSimulator.Build.0 = Release|Any CPU
		{E7EC1FBA-23AF-4D7F-B932-B3E1AC7A4A66}.Release|x86.ActiveCfg = Release|Any CPU
		{E7EC1FBA-23AF-4D7F-B932-B3E1AC7A4A66}.Release|x86.Build.0 = Release|Any CPU
		{E7EC1FBA-23AF-4D7F-B932-B3E1AC7A4A66}.Release64|Any CPU.ActiveCfg = Release|Any CPU
		{E7EC1FBA-23AF-4D7F-B932-B3E1AC7A4A66}.Release64|Any CPU.Build.0 = Release|Any CPU
		{E7EC1FBA-23AF-4D7F-B932-B3E1AC7A4A66}.Release64|iPhone.ActiveCfg = Release|Any CPU
		{E7EC1FBA-23AF-4D7F-B932-B3E1AC7A4A66}.Release64|iPhone.Build.0 = Release|Any CPU
		{E7EC1FBA-23AF-4D7F-B932-B3E1AC7A4A66}.Release64|iPhoneSimulator.ActiveCfg = Release|Any CPU
		{E7EC1FBA-23AF-4D7F-B932-B3E1AC7A4A66}.Release64|iPhoneSimulator.Build.0 = Release|Any CPU
		{E7EC1FBA-23AF-4D7F-B932-B3E1AC7A4A66}.Release64|x86.ActiveCfg = Release|Any CPU
		{E7EC1FBA-23AF-4D7F-B932-B3E1AC7A4A66}.Release64|x86.Build.0 = Release|Any CPU
	EndGlobalSection
	GlobalSection(SolutionProperties) = preSolution
		HideSolutionNode = FALSE
	EndGlobalSection
	GlobalSection(NestedProjects) = preSolution
		{235A071B-8D06-40AE-A5C5-B1CE59715EE9} = {EDF760BE-F3FA-4361-AFFA-5CB70A3E9E55}
		{E7EC1FBA-23AF-4D7F-B932-B3E1AC7A4A66} = {CCC8D030-3F27-4560-B290-B95F4022DDB8}
	EndGlobalSection
	GlobalSection(ExtensibilityGlobals) = postSolution
		SolutionGuid = {BA5E8E5C-FBFE-4FAD-BFC3-96CD4EE3234E}
	EndGlobalSection
EndGlobal
